github.com/golang/protobuf v1.3.1 h1:YF8+flBXS5eO826T4nzqPrxfhQThhXl0YzfuUPu4SBg=
github.com/golang/protobuf v1.3.1/go.mod h1:6lQm79b+lXiMfvg/cZm0SGofjICqVBUtrP5yJMmIC1U=
github.com/hyperledger/sawtooth-sdk-go v0.1.1 h1:JWkSrKQ3hLg/C/NEab+nF1uRDQKgImSUcHxXlNBfPjg=
github.com/hyperledger/sawtooth-sdk-go v0.1.1/go.mod h1:TflUsC2KTduiDoQZMiNPEqZi4m0MK+f2FAdrk3yTNxA=
github.com/jessevdk/go-flags v1.4.0 h1:4IU2WS7AumrZ/40jfhf4QVDMsQwqA7VEHozFRrGARJA=
github.com/jessevdk/go-flags v1.4.0/go.mod h1:4FA24M0QyGHXBuZZK/XkWh8h0e1EYbRYJSGM75WSRxI=
github.com/pebbe/zmq4 v1.0.0 h1:D+MSmPpqkL5PSSmnh8g51ogirUCyemThuZzLW7Nrt78=
github.com/pebbe/zmq4 v1.0.0/go.mod h1:7N4y5R18zBiu3l0vajMUWQgZyjv464prE8RCyBcmnZM=
github.com/satori/go.uuid v1.2.0 h1:0uYX9dsZ2yD7q2RtLRtPSdGDWzjeM3TbMJP9utgA0ww=
github.com/satori/go.uuid v1.2.0/go.mod h1:dA0hQrYB0VpLJoorglMZABFdXlWrHn1NEOzdhQKdks0=
